
Microsoft Visual Studio Solution File, Format Version 12.00
# Visual Studio 15
VisualStudioVersion = 15.0.27130.2027
MinimumVisualStudioVersion = 10.0.40219.1
Project("{9A19103F-16F7-4668-BE54-9A1E7A4F7556}") = "AngularDashboard", "AngularDashboard\AngularDashboard.csproj", "{C200391C-7B91-4A91-9573-03748EA6229A}"
EndProject
Project("{9A19103F-16F7-4668-BE54-9A1E7A4F7556}") = "AdventureWorks", "AdventureWorks\AdventureWorks.csproj", "{F6460A74-83AF-470F-8E06-173E2F01F142}"
EndProject
Project("{9A19103F-16F7-4668-BE54-9A1E7A4F7556}") = "Northwind", "Northwind\Northwind.csproj", "{D73B99A1-A0A6-4D8E-BB80-21D9ED54355C}"
EndProject
Project("{9A19103F-16F7-4668-BE54-9A1E7A4F7556}") = "AddressDb", "AddressDb\AddressDb.csproj", "{5AF8026A-F906-4CD5-8010-57BB7146ABB8}"
EndProject
Project("{9A19103F-16F7-4668-BE54-9A1E7A4F7556}") = "Membership", "Membership\Membership.csproj", "{29AE69B9-740A-4819-B9BF-B2F226562939}"
EndProject
Project("{9A19103F-16F7-4668-BE54-9A1E7A4F7556}") = "ReactSample", "ReactSample\ReactSample.csproj", "{46A7D399-B461-4E2F-B54C-EFA665F9F732}"
EndProject
Project("{9A19103F-16F7-4668-BE54-9A1E7A4F7556}") = "WebApplication3", "WebApplication3\WebApplication3.csproj", "{487812C1-050A-41E7-BF0A-77958518BD2E}"
EndProject
Project("{9A19103F-16F7-4668-BE54-9A1E7A4F7556}") = "ReactSpa", "ReactSpa\ReactSpa.csproj", "{38C9C9DC-C08F-4E4B-BC4A-C711EE60857B}"
EndProject
Project("{9A19103F-16F7-4668-BE54-9A1E7A4F7556}") = "Mvc", "Mvc\Mvc.csproj", "{F150B388-31BE-444F-B2CB-56B1D3659227}"
EndProject
Project("{9A19103F-16F7-4668-BE54-9A1E7A4F7556}") = "ReduxSpa", "ReduxSpa\ReduxSpa.csproj", "{CE22711D-15EF-487E-A329-8BA693CA3533}"
EndProject
Project("{FAE04EC0-301F-11D3-BF4B-00C04F79EFBC}") = "ReactDashboard", "ReactDashboard\ReactDashboard.csproj", "{219C63AD-EAD8-4E51-87AD-18ACD4F57894}"
EndProject
Global
	GlobalSection(SolutionConfigurationPlatforms) = preSolution
		Debug|Any CPU = Debug|Any CPU
		Release|Any CPU = Release|Any CPU
	EndGlobalSection
	GlobalSection(ProjectConfigurationPlatforms) = postSolution
		{C200391C-7B91-4A91-9573-03748EA6229A}.Debug|Any CPU.ActiveCfg = Debug|Any CPU
		{C200391C-7B91-4A91-9573-03748EA6229A}.Debug|Any CPU.Build.0 = Debug|Any CPU
		{C200391C-7B91-4A91-9573-03748EA6229A}.Release|Any CPU.ActiveCfg = Release|Any CPU
		{C200391C-7B91-4A91-9573-03748EA6229A}.Release|Any CPU.Build.0 = Release|Any CPU
		{F6460A74-83AF-470F-8E06-173E2F01F142}.Debug|Any CPU.ActiveCfg = Debug|Any CPU
		{F6460A74-83AF-470F-8E06-173E2F01F142}.Debug|Any CPU.Build.0 = Debug|Any CPU
		{F6460A74-83AF-470F-8E06-173E2F01F142}.Release|Any CPU.ActiveCfg = Release|Any CPU
		{F6460A74-83AF-470F-8E06-173E2F01F142}.Release|Any CPU.Build.0 = Release|Any CPU
		{D73B99A1-A0A6-4D8E-BB80-21D9ED54355C}.Debug|Any CPU.ActiveCfg = Debug|Any CPU
		{D73B99A1-A0A6-4D8E-BB80-21D9ED54355C}.Debug|Any CPU.Build.0 = Debug|Any CPU
		{D73B99A1-A0A6-4D8E-BB80-21D9ED54355C}.Release|Any CPU.ActiveCfg = Release|Any CPU
		{D73B99A1-A0A6-4D8E-BB80-21D9ED54355C}.Release|Any CPU.Build.0 = Release|Any CPU
		{5AF8026A-F906-4CD5-8010-57BB7146ABB8}.Debug|Any CPU.ActiveCfg = Debug|Any CPU
		{5AF8026A-F906-4CD5-8010-57BB7146ABB8}.Debug|Any CPU.Build.0 = Debug|Any CPU
		{5AF8026A-F906-4CD5-8010-57BB7146ABB8}.Release|Any CPU.ActiveCfg = Release|Any CPU
		{5AF8026A-F906-4CD5-8010-57BB7146ABB8}.Release|Any CPU.Build.0 = Release|Any CPU
		{29AE69B9-740A-4819-B9BF-B2F226562939}.Debug|Any CPU.ActiveCfg = Debug|Any CPU
		{29AE69B9-740A-4819-B9BF-B2F226562939}.Debug|Any CPU.Build.0 = Debug|Any CPU
		{29AE69B9-740A-4819-B9BF-B2F226562939}.Release|Any CPU.ActiveCfg = Release|Any CPU
		{29AE69B9-740A-4819-B9BF-B2F226562939}.Release|Any CPU.Build.0 = Release|Any CPU
		{46A7D399-B461-4E2F-B54C-EFA665F9F732}.Debug|Any CPU.ActiveCfg = Debug|Any CPU
		{46A7D399-B461-4E2F-B54C-EFA665F9F732}.Debug|Any CPU.Build.0 = Debug|Any CPU
		{46A7D399-B461-4E2F-B54C-EFA665F9F732}.Release|Any CPU.ActiveCfg = Release|Any CPU
		{46A7D399-B461-4E2F-B54C-EFA665F9F732}.Release|Any CPU.Build.0 = Release|Any CPU
		{487812C1-050A-41E7-BF0A-77958518BD2E}.Debug|Any CPU.ActiveCfg = Debug|Any CPU
		{487812C1-050A-41E7-BF0A-77958518BD2E}.Debug|Any CPU.Build.0 = Debug|Any CPU
		{487812C1-050A-41E7-BF0A-77958518BD2E}.Release|Any CPU.ActiveCfg = Release|Any CPU
		{487812C1-050A-41E7-BF0A-77958518BD2E}.Release|Any CPU.Build.0 = Release|Any CPU
		{38C9C9DC-C08F-4E4B-BC4A-C711EE60857B}.Debug|Any CPU.ActiveCfg = Debug|Any CPU
		{38C9C9DC-C08F-4E4B-BC4A-C711EE60857B}.Debug|Any CPU.Build.0 = Debug|Any CPU
		{38C9C9DC-C08F-4E4B-BC4A-C711EE60857B}.Release|Any CPU.ActiveCfg = Release|Any CPU
		{38C9C9DC-C08F-4E4B-BC4A-C711EE60857B}.Release|Any CPU.Build.0 = Release|Any CPU
		{F150B388-31BE-444F-B2CB-56B1D3659227}.Debug|Any CPU.ActiveCfg = Debug|Any CPU
		{F150B388-31BE-444F-B2CB-56B1D3659227}.Debug|Any CPU.Build.0 = Debug|Any CPU
		{F150B388-31BE-444F-B2CB-56B1D3659227}.Release|Any CPU.ActiveCfg = Release|Any CPU
		{F150B388-31BE-444F-B2CB-56B1D3659227}.Release|Any CPU.Build.0 = Release|Any CPU
		{CE22711D-15EF-487E-A329-8BA693CA3533}.Debug|Any CPU.ActiveCfg = Debug|Any CPU
		{CE22711D-15EF-487E-A329-8BA693CA3533}.Debug|Any CPU.Build.0 = Debug|Any CPU
		{CE22711D-15EF-487E-A329-8BA693CA3533}.Release|Any CPU.ActiveCfg = Release|Any CPU
		{CE22711D-15EF-487E-A329-8BA693CA3533}.Release|Any CPU.Build.0 = Release|Any CPU
		{219C63AD-EAD8-4E51-87AD-18ACD4F57894}.Debug|Any CPU.ActiveCfg = Debug|Any CPU
		{219C63AD-EAD8-4E51-87AD-18ACD4F57894}.Debug|Any CPU.Build.0 = Debug|Any CPU
		{219C63AD-EAD8-4E51-87AD-18ACD4F57894}.Release|Any CPU.ActiveCfg = Release|Any CPU
		{219C63AD-EAD8-4E51-87AD-18ACD4F57894}.Release|Any CPU.Build.0 = Release|Any CPU
	EndGlobalSection
	GlobalSection(SolutionProperties) = preSolution
		HideSolutionNode = FALSE
	EndGlobalSection
	GlobalSection(ExtensibilityGlobals) = postSolution
		SolutionGuid = {5B64BB21-5E02-4D02-8A76-6980A35F469D}
	EndGlobalSection
EndGlobal
